# This file is automatically @generated by Cargo.
# It is not intended for manual editing.
version = 4

[[package]]
name = "hh_phys04_candidate"
version = "0.1.0"

[[package]]
name = "hh_phys06_local"
version = "0.1.0"
dependencies = [
 "hh_phys04_candidate",
 "rei_microphysics",
]

[[package]]
name = "rei_microphysics"
version = "0.1.0"
